// !$*UTF8*$!
{
	archiveVersion = 1;
	classes = {
	};
	objectVersion = 46;
	objects = {

/* Begin PBXBuildFile section */
		74022B7A1E5151790049FB76 /* main.m in Sources */ = {isa = PBXBuildFile; fileRef = 74022B791E5151790049FB76 /* main.m */; };
		74022B7D1E5151790049FB76 /* AppDelegate.m in Sources */ = {isa = PBXBuildFile; fileRef = 74022B7C1E5151790049FB76 /* AppDelegate.m */; };
		74022B831E5151790049FB76 /* Main.storyboard in Resources */ = {isa = PBXBuildFile; fileRef = 74022B811E5151790049FB76 /* Main.storyboard */; };
		74022B851E5151790049FB76 /* Assets.xcassets in Resources */ = {isa = PBXBuildFile; fileRef = 74022B841E5151790049FB76 /* Assets.xcassets */; };
		74022B881E5151790049FB76 /* LaunchScreen.storyboard in Resources */ = {isa = PBXBuildFile; fileRef = 74022B861E5151790049FB76 /* LaunchScreen.storyboard */; };
		74022B931E5151790049FB76 /* ________Tests.m in Sources */ = {isa = PBXBuildFile; fileRef = 74022B921E5151790049FB76 /* ________Tests.m */; };
		74022B9E1E5151790049FB76 /* ________UITests.m in Sources */ = {isa = PBXBuildFile; fileRef = 74022B9D1E5151790049FB76 /* ________UITests.m */; };
		74022BAD1E51524E0049FB76 /* MainViewController.m in Sources */ = {isa = PBXBuildFile; fileRef = 74022BAC1E51524E0049FB76 /* MainViewController.m */; };
		74022BB11E5152A60049FB76 /* Pull2RefreshView.m in Sources */ = {isa = PBXBuildFile; fileRef = 74022BB01E5152A60049FB76 /* Pull2RefreshView.m */; };
		74022BB41E5152CF0049FB76 /* Pull2RefreshTableView.m in Sources */ = {isa = PBXBuildFile; fileRef = 74022BB31E5152CF0049FB76 /* Pull2RefreshTableView.m */; };
		74022BB61E5156400049FB76 /* QuartzCore.framework in Frameworks */ = {isa = PBXBuildFile; fileRef = 74022BB51E5156400049FB76 /* QuartzCore.framework */; };
		74022BB81E5156560049FB76 /* Foundation.framework in Frameworks */ = {isa = PBXBuildFile; fileRef = 74022BB71E5156560049FB76 /* Foundation.framework */; };
		74022BBA1E5156610049FB76 /* CoreGraphics.framework in Frameworks */ = {isa = PBXBuildFile; fileRef = 74022BB91E5156610049FB76 /* CoreGraphics.framework */; };
		74022BBC1E51566C0049FB76 /* UIKit.framework in Frameworks */ = {isa = PBXBuildFile; fileRef = 74022BBB1E51566C0049FB76 /* UIKit.framework */; };
		74022BC21E5159BA0049FB76 /* arrow_up@2x.png in Resources */ = {isa = PBXBuildFile; fileRef = 74022BBE1E5159BA0049FB76 /* arrow_up@2x.png */; };
		74022BC31E5159BA0049FB76 /* shadow_up@2x.png in Resources */ = {isa = PBXBuildFile; fileRef = 74022BBF1E5159BA0049FB76 /* shadow_up@2x.png */; };
		74022BC41E5159BA0049FB76 /* shadow_up.png in Resources */ = {isa = PBXBuildFile; fileRef = 74022BC01E5159BA0049FB76 /* shadow_up.png */; };
		74022BC51E5159BA0049FB76 /* arrow_up.png in Resources */ = {isa = PBXBuildFile; fileRef = 74022BC11E5159BA0049FB76 /* arrow_up.png */; };
/* End PBXBuildFile section */

/* Begin PBXContainerItemProxy section */
		74022B8F1E5151790049FB76 /* PBXContainerItemProxy */ = {
			isa = PBXContainerItemProxy;
			containerPortal = 74022B6D1E5151790049FB76 /* Project object */;
			proxyType = 1;
			remoteGlobalIDString = 74022B741E5151790049FB76;
			remoteInfo = "上拉刷新下拉加载";
		};
		74022B9A1E5151790049FB76 /* PBXContainerItemProxy */ = {
			isa = PBXContainerItemProxy;
			containerPortal = 74022B6D1E5151790049FB76 /* Project object */;
			proxyType = 1;
			remoteGlobalIDString = 74022B741E5151790049FB76;
			remoteInfo = "上拉刷新下拉加载";
		};
/* End PBXContainerItemProxy section */

/* Begin PBXFileReference section */
		74022B751E5151790049FB76 /* 上拉刷新下拉加载.app */ = {isa = PBXFileReference; explicitFileType = wrapper.application; includeInIndex = 0; path = "上拉刷新下拉加载.app"; sourceTree = BUILT_PRODUCTS_DIR; };
		74022B791E5151790049FB76 /* main.m */ = {isa = PBXFileReference; lastKnownFileType = sourcecode.c.objc; path = main.m; sourceTree = "<group>"; };
		74022B7B1E5151790049FB76 /* AppDelegate.h */ = {isa = PBXFileReference; lastKnownFileType = sourcecode.c.h; path = AppDelegate.h; sourceTree = "<group>"; };
		74022B7C1E5151790049FB76 /* AppDelegate.m */ = {isa = PBXFileReference; lastKnownFileType = sourcecode.c.objc; path = AppDelegate.m; sourceTree = "<group>"; };
		74022B821E5151790049FB76 /* Base */ = {isa = PBXFileReference; lastKnownFileType = file.storyboard; name = Base; path = Base.lproj/Main.storyboard; sourceTree = "<group>"; };
		74022B841E5151790049FB76 /* Assets.xcassets */ = {isa = PBXFileReference; lastKnownFileType = folder.assetcatalog; path = Assets.xcassets; sourceTree = "<group>"; };
		74022B871E5151790049FB76 /* Base */ = {isa = PBXFileReference; lastKnownFileType = file.storyboard; name = Base; path = Base.lproj/LaunchScreen.storyboard; sourceTree = "<group>"; };
		74022B891E5151790049FB76 /* Info.plist */ = {isa = PBXFileReference; lastKnownFileType = text.plist.xml; path = Info.plist; sourceTree = "<group>"; };
		74022B8E1E5151790049FB76 /* 上拉刷新下拉加载Tests.xctest */ = {isa = PBXFileReference; explicitFileType = wrapper.cfbundle; includeInIndex = 0; path = "上拉刷新下拉加载Tests.xctest"; sourceTree = BUILT_PRODUCTS_DIR; };
		74022B921E5151790049FB76 /* ________Tests.m */ = {isa = PBXFileReference; lastKnownFileType = sourcecode.c.objc; path = "________Tests.m"; sourceTree = "<group>"; };
		74022B941E5151790049FB76 /* Info.plist */ = {isa = PBXFileReference; lastKnownFileType = text.plist.xml; path = Info.plist; sourceTree = "<group>"; };
		74022B991E5151790049FB76 /* 上拉刷新下拉加载UITests.xctest */ = {isa = PBXFileReference; explicitFileType = wrapper.cfbundle; includeInIndex = 0; path = "上拉刷新下拉加载UITests.xctest"; sourceTree = BUILT_PRODUCTS_DIR; };
		74022B9D1E5151790049FB76 /* ________UITests.m */ = {isa = PBXFileReference; lastKnownFileType = sourcecode.c.objc; path = "________UITests.m"; sourceTree = "<group>"; };
		74022B9F1E5151790049FB76 /* Info.plist */ = {isa = PBXFileReference; lastKnownFileType = text.plist.xml; path = Info.plist; sourceTree = "<group>"; };
		74022BAB1E51524E0049FB76 /* MainViewController.h */ = {isa = PBXFileReference; fileEncoding = 4; lastKnownFileType = sourcecode.c.h; path = MainViewController.h; sourceTree = "<group>"; };
		74022BAC1E51524E0049FB76 /* MainViewController.m */ = {isa = PBXFileReference; fileEncoding = 4; lastKnownFileType = sourcecode.c.objc; path = MainViewController.m; sourceTree = "<group>"; };
		74022BAF1E5152A60049FB76 /* Pull2RefreshView.h */ = {isa = PBXFileReference; fileEncoding = 4; lastKnownFileType = sourcecode.c.h; path = Pull2RefreshView.h; sourceTree = "<group>"; };
		74022BB01E5152A60049FB76 /* Pull2RefreshView.m */ = {isa = PBXFileReference; fileEncoding = 4; lastKnownFileType = sourcecode.c.objc; path = Pull2RefreshView.m; sourceTree = "<group>"; };
		74022BB21E5152CF0049FB76 /* Pull2RefreshTableView.h */ = {isa = PBXFileReference; fileEncoding = 4; lastKnownFileType = sourcecode.c.h; path = Pull2RefreshTableView.h; sourceTree = "<group>"; };
		74022BB31E5152CF0049FB76 /* Pull2RefreshTableView.m */ = {isa = PBXFileReference; fileEncoding = 4; lastKnownFileType = sourcecode.c.objc; path = Pull2RefreshTableView.m; sourceTree = "<group>"; };
		74022BB51E5156400049FB76 /* QuartzCore.framework */ = {isa = PBXFileReference; lastKnownFileType = wrapper.framework; name = QuartzCore.framework; path = System/Library/Frameworks/QuartzCore.framework; sourceTree = SDKROOT; };
		74022BB71E5156560049FB76 /* Foundation.framework */ = {isa = PBXFileReference; lastKnownFileType = wrapper.framework; name = Foundation.framework; path = System/Library/Frameworks/Foundation.framework; sourceTree = SDKROOT; };
		74022BB91E5156610049FB76 /* CoreGraphics.framework */ = {isa = PBXFileReference; lastKnownFileType = wrapper.framework; name = CoreGraphics.framework; path = System/Library/Frameworks/CoreGraphics.framework; sourceTree = SDKROOT; };
		74022BBB1E51566C0049FB76 /* UIKit.framework */ = {isa = PBXFileReference; lastKnownFileType = wrapper.framework; name = UIKit.framework; path = System/Library/Frameworks/UIKit.framework; sourceTree = SDKROOT; };
		74022BBE1E5159BA0049FB76 /* arrow_up@2x.png */ = {isa = PBXFileReference; lastKnownFileType = image.png; path = "arrow_up@2x.png"; sourceTree = "<group>"; };
		74022BBF1E5159BA0049FB76 /* shadow_up@2x.png */ = {isa = PBXFileReference; lastKnownFileType = image.png; path = "shadow_up@2x.png"; sourceTree = "<group>"; };
		74022BC01E5159BA0049FB76 /* shadow_up.png */ = {isa = PBXFileReference; lastKnownFileType = image.png; path = shadow_up.png; sourceTree = "<group>"; };
		74022BC11E5159BA0049FB76 /* arrow_up.png */ = {isa = PBXFileReference; lastKnownFileType = image.png; path = arrow_up.png; sourceTree = "<group>"; };
/* End PBXFileReference section */

/* Begin PBXFrameworksBuildPhase section */
		74022B721E5151790049FB76 /* Frameworks */ = {
			isa = PBXFrameworksBuildPhase;
			buildActionMask = 2147483647;
			files = (
				74022BBC1E51566C0049FB76 /* UIKit.framework in Frameworks */,
				74022BBA1E5156610049FB76 /* CoreGraphics.framework in Frameworks */,
				74022BB81E5156560049FB76 /* Foundation.framework in Frameworks */,
				74022BB61E5156400049FB76 /* QuartzCore.framework in Frameworks */,
			);
			runOnlyForDeploymentPostprocessing = 0;
		};
		74022B8B1E5151790049FB76 /* Frameworks */ = {
			isa = PBXFrameworksBuildPhase;
			buildActionMask = 2147483647;
			files = (
			);
			runOnlyForDeploymentPostprocessing = 0;
		};
		74022B961E5151790049FB76 /* Frameworks */ = {
			isa = PBXFrameworksBuildPhase;
			buildActionMask = 2147483647;
			files = (
			);
			runOnlyForDeploymentPostprocessing = 0;
		};
/* End PBXFrameworksBuildPhase section */

/* Begin PBXGroup section */
		74022B6C1E5151790049FB76 = {
			isa = PBXGroup;
			children = (
				74022BBB1E51566C0049FB76 /* UIKit.framework */,
				74022BB91E5156610049FB76 /* CoreGraphics.framework */,
				74022BB71E5156560049FB76 /* Foundation.framework */,
				74022BB51E5156400049FB76 /* QuartzCore.framework */,
				74022B771E5151790049FB76 /* 上拉刷新下拉加载 */,
				74022B911E5151790049FB76 /* 上拉刷新下拉加载Tests */,
				74022B9C1E5151790049FB76 /* 上拉刷新下拉加载UITests */,
				74022B761E5151790049FB76 /* Products */,
			);
			sourceTree = "<group>";
		};
		74022B761E5151790049FB76 /* Products */ = {
			isa = PBXGroup;
			children = (
				74022B751E5151790049FB76 /* 上拉刷新下拉加载.app */,
				74022B8E1E5151790049FB76 /* 上拉刷新下拉加载Tests.xctest */,
				74022B991E5151790049FB76 /* 上拉刷新下拉加载UITests.xctest */,
			);
			name = Products;
			sourceTree = "<group>";
		};
		74022B771E5151790049FB76 /* 上拉刷新下拉加载 */ = {
			isa = PBXGroup;
			children = (
				74022BBD1E5159950049FB76 /* image */,
				74022BAE1E5152740049FB76 /* pull2Refresh */,
				74022B7B1E5151790049FB76 /* AppDelegate.h */,
				74022B7C1E5151790049FB76 /* AppDelegate.m */,
				74022BAB1E51524E0049FB76 /* MainViewController.h */,
				74022BAC1E51524E0049FB76 /* MainViewController.m */,
				74022B811E5151790049FB76 /* Main.storyboard */,
				74022B841E5151790049FB76 /* Assets.xcassets */,
				74022B861E5151790049FB76 /* LaunchScreen.storyboard */,
				74022B891E5151790049FB76 /* Info.plist */,
				74022B781E5151790049FB76 /* Supporting Files */,
			);
			path = "上拉刷新下拉加载";
			sourceTree = "<group>";
		};
		74022B781E5151790049FB76 /* Supporting Files */ = {
			isa = PBXGroup;
			children = (
				74022B791E5151790049FB76 /* main.m */,
			);
			name = "Supporting Files";
			sourceTree = "<group>";
		};
		74022B911E5151790049FB76 /* 上拉刷新下拉加载Tests */ = {
			isa = PBXGroup;
			children = (
				74022B921E5151790049FB76 /* ________Tests.m */,
				74022B941E5151790049FB76 /* Info.plist */,
			);
			path = "上拉刷新下拉加载Tests";
			sourceTree = "<group>";
		};
		74022B9C1E5151790049FB76 /* 上拉刷新下拉加载UITests */ = {
			isa = PBXGroup;
			children = (
				74022B9D1E5151790049FB76 /* ________UITests.m */,
				74022B9F1E5151790049FB76 /* Info.plist */,
			);
			path = "上拉刷新下拉加载UITests";
			sourceTree = "<group>";
		};
		74022BAE1E5152740049FB76 /* pull2Refresh */ = {
			isa = PBXGroup;
			children = (
				74022BAF1E5152A60049FB76 /* Pull2RefreshView.h */,
				74022BB01E5152A60049FB76 /* Pull2RefreshView.m */,
				74022BB21E5152CF0049FB76 /* Pull2RefreshTableView.h */,
				74022BB31E5152CF0049FB76 /* Pull2RefreshTableView.m */,
			);
			name = pull2Refresh;
			sourceTree = "<group>";
		};
		74022BBD1E5159950049FB76 /* image */ = {
			isa = PBXGroup;
			children = (
				74022BBE1E5159BA0049FB76 /* arrow_up@2x.png */,
				74022BBF1E5159BA0049FB76 /* shadow_up@2x.png */,
				74022BC01E5159BA0049FB76 /* shadow_up.png */,
				74022BC11E5159BA0049FB76 /* arrow_up.png */,
			);
			name = image;
			sourceTree = "<group>";
		};
/* End PBXGroup section */

/* Begin PBXNativeTarget section */
		74022B741E5151790049FB76 /* 上拉刷新下拉加载 */ = {
			isa = PBXNativeTarget;
			buildConfigurationList = 74022BA21E5151790049FB76 /* Build configuration list for PBXNativeTarget "上拉刷新下拉加载" */;
			buildPhases = (
				74022B711E5151790049FB76 /* Sources */,
				74022B721E5151790049FB76 /* Frameworks */,
				74022B731E5151790049FB76 /* Resources */,
			);
			buildRules = (
			);
			dependencies = (
			);
			name = "上拉刷新下拉加载";
			productName = "上拉刷新下拉加载";
			productReference = 74022B751E5151790049FB76 /* 上拉刷新下拉加载.app */;
			productType = "com.apple.product-type.application";
		};
		74022B8D1E5151790049FB76 /* 上拉刷新下拉加载Tests */ = {
			isa = PBXNativeTarget;
			buildConfigurationList = 74022BA51E5151790049FB76 /* Build configuration list for PBXNativeTarget "上拉刷新下拉加载Tests" */;
			buildPhases = (
				74022B8A1E5151790049FB76 /* Sources */,
				74022B8B1E5151790049FB76 /* Frameworks */,
				74022B8C1E5151790049FB76 /* Resources */,
			);
			buildRules = (
			);
			dependencies = (
				74022B901E5151790049FB76 /* PBXTargetDependency */,
			);
			name = "上拉刷新下拉加载Tests";
			productName = "上拉刷新下拉加载Tests";
			productReference = 74022B8E1E5151790049FB76 /* 上拉刷新下拉加载Tests.xctest */;
			productType = "com.apple.product-type.bundle.unit-test";
		};
		74022B981E5151790049FB76 /* 上拉刷新下拉加载UITests */ = {
			isa = PBXNativeTarget;
			buildConfigurationList = 74022BA81E5151790049FB76 /* Build configuration list for PBXNativeTarget "上拉刷新下拉加载UITests" */;
			buildPhases = (
				74022B951E5151790049FB76 /* Sources */,
				74022B961E5151790049FB76 /* Frameworks */,
				74022B971E5151790049FB76 /* Resources */,
			);
			buildRules = (
			);
			dependencies = (
				74022B9B1E5151790049FB76 /* PBXTargetDependency */,
			);
			name = "上拉刷新下拉加载UITests";
			productName = "上拉刷新下拉加载UITests";
			productReference = 74022B991E5151790049FB76 /* 上拉刷新下拉加载UITests.xctest */;
			productType = "com.apple.product-type.bundle.ui-testing";
		};
/* End PBXNativeTarget section */

/* Begin PBXProject section */
		74022B6D1E5151790049FB76 /* Project object */ = {
			isa = PBXProject;
			attributes = {
				LastUpgradeCheck = 0730;
				ORGANIZATIONNAME = "纵昂";
				TargetAttributes = {
					74022B741E5151790049FB76 = {
						CreatedOnToolsVersion = 7.3.1;
					};
					74022B8D1E5151790049FB76 = {
						CreatedOnToolsVersion = 7.3.1;
						TestTargetID = 74022B741E5151790049FB76;
					};
					74022B981E5151790049FB76 = {
						CreatedOnToolsVersion = 7.3.1;
						TestTargetID = 74022B741E5151790049FB76;
					};
				};
			};
			buildConfigurationList = 74022B701E5151790049FB76 /* Build configuration list for PBXProject "上拉刷新下拉加载" */;
			compatibilityVersion = "Xcode 3.2";
			developmentRegion = English;
			hasScannedForEncodings = 0;
			knownRegions = (
				en,
				Base,
			);
			mainGroup = 74022B6C1E5151790049FB76;
			productRefGroup = 74022B761E5151790049FB76 /* Products */;
			projectDirPath = "";
			projectRoot = "";
			targets = (
				74022B741E5151790049FB76 /* 上拉刷新下拉加载 */,
				74022B8D1E5151790049FB76 /* 上拉刷新下拉加载Tests */,
				74022B981E5151790049FB76 /* 上拉刷新下拉加载UITests */,
			);
		};
/* End PBXProject section */

/* Begin PBXResourcesBuildPhase section */
		74022B731E5151790049FB76 /* Resources */ = {
			isa = PBXResourcesBuildPhase;
			buildActionMask = 2147483647;
			files = (
				74022BC31E5159BA0049FB76 /* shadow_up@2x.png in Resources */,
				74022B881E5151790049FB76 /* LaunchScreen.storyboard in Resources */,
				74022BC41E5159BA0049FB76 /* shadow_up.png in Resources */,
				74022BC51E5159BA0049FB76 /* arrow_up.png in Resources */,
				74022B851E5151790049FB76 /* Assets.xcassets in Resources */,
				74022B831E5151790049FB76 /* Main.storyboard in Resources */,
				74022BC21E5159BA0049FB76 /* arrow_up@2x.png in Resources */,
			);
			runOnlyForDeploymentPostprocessing = 0;
		};
		74022B8C1E5151790049FB76 /* Resources */ = {
			isa = PBXResourcesBuildPhase;
			buildActionMask = 2147483647;
			files = (
			);
			runOnlyForDeploymentPostprocessing = 0;
		};
		74022B971E5151790049FB76 /* Resources */ = {
			isa = PBXResourcesBuildPhase;
			buildActionMask = 2147483647;
			files = (
			);
			runOnlyForDeploymentPostprocessing = 0;
		};
/* End PBXResourcesBuildPhase section */

/* Begin PBXSourcesBuildPhase section */
		74022B711E5151790049FB76 /* Sources */ = {
			isa = PBXSourcesBuildPhase;
			buildActionMask = 2147483647;
			files = (
				74022B7D1E5151790049FB76 /* AppDelegate.m in Sources */,
				74022BAD1E51524E0049FB76 /* MainViewController.m in Sources */,
				74022BB11E5152A60049FB76 /* Pull2RefreshView.m in Sources */,
				74022BB41E5152CF0049FB76 /* Pull2RefreshTableView.m in Sources */,
				74022B7A1E5151790049FB76 /* main.m in Sources */,
			);
			runOnlyForDeploymentPostprocessing = 0;
		};
		74022B8A1E5151790049FB76 /* Sources */ = {
			isa = PBXSourcesBuildPhase;
			buildActionMask = 2147483647;
			files = (
				74022B931E5151790049FB76 /* ________Tests.m in Sources */,
			);
			runOnlyForDeploymentPostprocessing = 0;
		};
		74022B951E5151790049FB76 /* Sources */ = {
			isa = PBXSourcesBuildPhase;
			buildActionMask = 2147483647;
			files = (
				74022B9E1E5151790049FB76 /* ________UITests.m in Sources */,
			);
			runOnlyForDeploymentPostprocessing = 0;
		};
/* End PBXSourcesBuildPhase section */

/* Begin PBXTargetDependency section */
		74022B901E5151790049FB76 /* PBXTargetDependency */ = {
			isa = PBXTargetDependency;
			target = 74022B741E5151790049FB76 /* 上拉刷新下拉加载 */;
			targetProxy = 74022B8F1E5151790049FB76 /* PBXContainerItemProxy */;
		};
		74022B9B1E5151790049FB76 /* PBXTargetDependency */ = {
			isa = PBXTargetDependency;
			target = 74022B741E5151790049FB76 /* 上拉刷新下拉加载 */;
			targetProxy = 74022B9A1E5151790049FB76 /* PBXContainerItemProxy */;
		};
/* End PBXTargetDependency section */

/* Begin PBXVariantGroup section */
		74022B811E5151790049FB76 /* Main.storyboard */ = {
			isa = PBXVariantGroup;
			children = (
				74022B821E5151790049FB76 /* Base */,
			);
			name = Main.storyboard;
			sourceTree = "<group>";
		};
		74022B861E5151790049FB76 /* LaunchScreen.storyboard */ = {
			isa = PBXVariantGroup;
			children = (
				74022B871E5151790049FB76 /* Base */,
			);
			name = LaunchScreen.storyboard;
			sourceTree = "<group>";
		};
/* End PBXVariantGroup section */

/* Begin XCBuildConfiguration section */
		74022BA01E5151790049FB76 /* Debug */ = {
			isa = XCBuildConfiguration;
			buildSettings = {
				ALWAYS_SEARCH_USER_PATHS = NO;
				CLANG_ANALYZER_NONNULL = YES;
				CLANG_CXX_LANGUAGE_STANDARD = "gnu++0x";
				CLANG_CXX_LIBRARY = "libc++";
				CLANG_ENABLE_MODULES = YES;
				CLANG_ENABLE_OBJC_ARC = YES;
				CLANG_WARN_BOOL_CONVERSION = YES;
				CLANG_WARN_CONSTANT_CONVERSION = YES;
				CLANG_WARN_DIRECT_OBJC_ISA_USAGE = YES_ERROR;
				CLANG_WARN_EMPTY_BODY = YES;
				CLANG_WARN_ENUM_CONVERSION = YES;
				CLANG_WARN_INT_CONVERSION = YES;
				CLANG_WARN_OBJC_ROOT_CLASS = YES_ERROR;
				CLANG_WARN_UNREACHABLE_CODE = YES;
				CLANG_WARN__DUPLICATE_METHOD_MATCH = YES;
				"CODE_SIGN_IDENTITY[sdk=iphoneos*]" = "iPhone Developer";
				COPY_PHASE_STRIP = NO;
				DEBUG_INFORMATION_FORMAT = dwarf;
				ENABLE_STRICT_OBJC_MSGSEND = YES;
				ENABLE_TESTABILITY = YES;
				GCC_C_LANGUAGE_STANDARD = gnu99;
				GCC_DYNAMIC_NO_PIC = NO;
				GCC_NO_COMMON_BLOCKS = YES;
				GCC_OPTIMIZATION_LEVEL = 0;
				GCC_PREPROCESSOR_DEFINITIONS = (
					"DEBUG=1",
					"$(inherited)",
				);
				GCC_WARN_64_TO_32_BIT_CONVERSION = YES;
				GCC_WARN_ABOUT_RETURN_TYPE = YES_ERROR;
				GCC_WARN_UNDECLARED_SELECTOR = YES;
				GCC_WARN_UNINITIALIZED_AUTOS = YES_AGGRESSIVE;
				GCC_WARN_UNUSED_FUNCTION = YES;
				GCC_WARN_UNUSED_VARIABLE = YES;
				IPHONEOS_DEPLOYMENT_TARGET = 9.3;
				MTL_ENABLE_DEBUG_INFO = YES;
				ONLY_ACTIVE_ARCH = YES;
				SDKROOT = iphoneos;
				TARGETED_DEVICE_FAMILY = "1,2";
			};
			name = Debug;
		};
		74022BA11E5151790049FB76 /* Release */ = {
			isa = XCBuildConfiguration;
			buildSettings = {
				ALWAYS_SEARCH_USER_PATHS = NO;
				CLANG_ANALYZER_NONNULL = YES;
				CLANG_CXX_LANGUAGE_STANDARD = "gnu++0x";
				CLANG_CXX_LIBRARY = "libc++";
				CLANG_ENABLE_MODULES = YES;
				CLANG_ENABLE_OBJC_ARC = YES;
				CLANG_WARN_BOOL_CONVERSION = YES;
				CLANG_WARN_CONSTANT_CONVERSION = YES;
				CLANG_WARN_DIRECT_OBJC_ISA_USAGE = YES_ERROR;
				CLANG_WARN_EMPTY_BODY = YES;
				CLANG_WARN_ENUM_CONVERSION = YES;
				CLANG_WARN_INT_CONVERSION = YES;
				CLANG_WARN_OBJC_ROOT_CLASS = YES_ERROR;
				CLANG_WARN_UNREACHABLE_CODE = YES;
				CLANG_WARN__DUPLICATE_METHOD_MATCH = YES;
				"CODE_SIGN_IDENTITY[sdk=iphoneos*]" = "iPhone Developer";
				COPY_PHASE_STRIP = NO;
				DEBUG_INFORMATION_FORMAT = "dwarf-with-dsym";
				ENABLE_NS_ASSERTIONS = NO;
				ENABLE_STRICT_OBJC_MSGSEND = YES;
				GCC_C_LANGUAGE_STANDARD = gnu99;
				GCC_NO_COMMON_BLOCKS = YES;
				GCC_WARN_64_TO_32_BIT_CONVERSION = YES;
				GCC_WARN_ABOUT_RETURN_TYPE = YES_ERROR;
				GCC_WARN_UNDECLARED_SELECTOR = YES;
				GCC_WARN_UNINITIALIZED_AUTOS = YES_AGGRESSIVE;
				GCC_WARN_UNUSED_FUNCTION = YES;
				GCC_WARN_UNUSED_VARIABLE = YES;
				IPHONEOS_DEPLOYMENT_TARGET = 9.3;
				MTL_ENABLE_DEBUG_INFO = NO;
				SDKROOT = iphoneos;
				TARGETED_DEVICE_FAMILY = "1,2";
				VALIDATE_PRODUCT = YES;
			};
			name = Release;
		};
		74022BA31E5151790049FB76 /* Debug */ = {
			isa = XCBuildConfiguration;
			buildSettings = {
				ASSETCATALOG_COMPILER_APPICON_NAME = AppIcon;
				INFOPLIST_FILE = "上拉刷新下拉加载/Info.plist";
				LD_RUNPATH_SEARCH_PATHS = "$(inherited) @executable_path/Frameworks";
				PRODUCT_BUNDLE_IDENTIFIER = "-23.--------";
				PRODUCT_NAME = "$(TARGET_NAME)";
			};
			name = Debug;
		};
		74022BA41E5151790049FB76 /* Release */ = {
			isa = XCBuildConfiguration;
			buildSettings = {
				ASSETCATALOG_COMPILER_APPICON_NAME = AppIcon;
				INFOPLIST_FILE = "上拉刷新下拉加载/Info.plist";
				LD_RUNPATH_SEARCH_PATHS = "$(inherited) @executable_path/Frameworks";
				PRODUCT_BUNDLE_IDENTIFIER = "-23.--------";
				PRODUCT_NAME = "$(TARGET_NAME)";
			};
			name = Release;
		};
		74022BA61E5151790049FB76 /* Debug */ = {
			isa = XCBuildConfiguration;
			buildSettings = {
				BUNDLE_LOADER = "$(TEST_HOST)";
				INFOPLIST_FILE = "上拉刷新下拉加载Tests/Info.plist";
				LD_RUNPATH_SEARCH_PATHS = "$(inherited) @executable_path/Frameworks @loader_path/Frameworks";
				PRODUCT_BUNDLE_IDENTIFIER = "-23.--------Tests";
				PRODUCT_NAME = "$(TARGET_NAME)";
				TEST_HOST = "$(BUILT_PRODUCTS_DIR)/上拉刷新下拉加载.app/上拉刷新下拉加载";
			};
			name = Debug;
		};
		74022BA71E5151790049FB76 /* Release */ = {
			isa = XCBuildConfiguration;
			buildSettings = {
				BUNDLE_LOADER = "$(TEST_HOST)";
				INFOPLIST_FILE = "上拉刷新下拉加载Tests/Info.plist";
				LD_RUNPATH_SEARCH_PATHS = "$(inherited) @executable_path/Frameworks @loader_path/Frameworks";
				PRODUCT_BUNDLE_IDENTIFIER = "-23.--------Tests";
				PRODUCT_NAME = "$(TARGET_NAME)";
				TEST_HOST = "$(BUILT_PRODUCTS_DIR)/上拉刷新下拉加载.app/上拉刷新下拉加载";
			};
			name = Release;
		};
		74022BA91E5151790049FB76 /* Debug */ = {
			isa = XCBuildConfiguration;
			buildSettings = {
				INFOPLIST_FILE = "上拉刷新下拉加载UITests/Info.plist";
				LD_RUNPATH_SEARCH_PATHS = "$(inherited) @executable_path/Frameworks @loader_path/Frameworks";
				PRODUCT_BUNDLE_IDENTIFIER = "-23.--------UITests";
				PRODUCT_NAME = "$(TARGET_NAME)";
				TEST_TARGET_NAME = "上拉刷新下拉加载";
			};
			name = Debug;
		};
		74022BAA1E5151790049FB76 /* Release */ = {
			isa = XCBuildConfiguration;
			buildSettings = {
				INFOPLIST_FILE = "上拉刷新下拉加载UITests/Info.plist";
				LD_RUNPATH_SEARCH_PATHS = "$(inherited) @executable_path/Frameworks @loader_path/Frameworks";
				PRODUCT_BUNDLE_IDENTIFIER = "-23.--------UITests";
				PRODUCT_NAME = "$(TARGET_NAME)";
				TEST_TARGET_NAME = "上拉刷新下拉加载";
			};
			name = Release;
		};
/* End XCBuildConfiguration section */

/* Begin XCConfigurationList section */
		74022B701E5151790049FB76 /* Build configuration list for PBXProject "上拉刷新下拉加载" */ = {
			isa = XCConfigurationList;
			buildConfigurations = (
				74022BA01E5151790049FB76 /* Debug */,
				74022BA11E5151790049FB76 /* Release */,
			);
			defaultConfigurationIsVisible = 0;
			defaultConfigurationName = Release;
		};
		74022BA21E5151790049FB76 /* Build configuration list for PBXNativeTarget "上拉刷新下拉加载" */ = {
			isa = XCConfigurationList;
			buildConfigurations = (
				74022BA31E5151790049FB76 /* Debug */,
				74022BA41E5151790049FB76 /* Release */,
			);
			defaultConfigurationIsVisible = 0;
		};
		74022BA51E5151790049FB76 /* Build configuration list for PBXNativeTarget "上拉刷新下拉加载Tests" */ = {
			isa = XCConfigurationList;
			buildConfigurations = (
				74022BA61E5151790049FB76 /* Debug */,
				74022BA71E5151790049FB76 /* Release */,
			);
			defaultConfigurationIsVisible = 0;
		};
		74022BA81E5151790049FB76 /* Build configuration list for PBXNativeTarget "上拉刷新下拉加载UITests" */ = {
			isa = XCConfigurationList;
			buildConfigurations = (
				74022BA91E5151790049FB76 /* Debug */,
				74022BAA1E5151790049FB76 /* Release */,
			);
			defaultConfigurationIsVisible = 0;
		};
/* End XCConfigurationList section */
	};
	rootObject = 74022B6D1E5151790049FB76 /* Project object */;
}
